
Microsoft Visual Studio Solution File, Format Version 12.00
# Visual Studio Version 17
VisualStudioVersion = 17.6.33723.286
MinimumVisualStudioVersion = 10.0.40219.1
Project("{FAE04EC0-301F-11D3-BF4B-00C04F79EFBC}") = "CardGameTest", "CardGameTest.csproj", "{FD675D27-462F-4225-8817-284119E75857}"
EndProject
Global
	GlobalSection(SolutionConfigurationPlatforms) = preSolution
		Debug|Any CPU = Debug|Any CPU
		Release|Any CPU = Release|Any CPU
	EndGlobalSection
	GlobalSection(ProjectConfigurationPlatforms) = postSolution
		{FD675D27-462F-4225-8817-284119E75857}.Debug|Any CPU.ActiveCfg = Debug|Any CPU
		{FD675D27-462F-4225-8817-284119E75857}.Debug|Any CPU.Build.0 = Debug|Any CPU
		{FD675D27-462F-4225-8817-284119E75857}.Release|Any CPU.ActiveCfg = Release|Any CPU
		{FD675D27-462F-4225-8817-284119E75857}.Release|Any CPU.Build.0 = Release|Any CPU
	EndGlobalSection
	GlobalSection(SolutionProperties) = preSolution
		HideSolutionNode = FALSE
	EndGlobalSection
	GlobalSection(ExtensibilityGlobals) = postSolution
		SolutionGuid = {0136FBCD-19D6-421D-A51A-4513486B6067}
	EndGlobalSection
EndGlobal
